
Microsoft Visual Studio Solution File, Format Version 12.00
# Visual Studio 15
VisualStudioVersion = 15.0.27428.2015
MinimumVisualStudioVersion = 10.0.40219.1
Project("{FAE04EC0-301F-11D3-BF4B-00C04F79EFBC}") = "Introduction", "Introduction\Introduction.csproj", "{B1672653-1F47-4B17-A3D4-43FA67C861EF}"
EndProject
Global
	GlobalSection(SolutionConfigurationPlatforms) = preSolution
		Debug|Any CPU = Debug|Any CPU
		Release|Any CPU = Release|Any CPU
	EndGlobalSection
	GlobalSection(ProjectConfigurationPlatforms) = postSolution
		{B1672653-1F47-4B17-A3D4-43FA67C861EF}.Debug|Any CPU.ActiveCfg = Debug|Any CPU
		{B1672653-1F47-4B17-A3D4-43FA67C861EF}.Debug|Any CPU.Build.0 = Debug|Any CPU
		{B1672653-1F47-4B17-A3D4-43FA67C861EF}.Release|Any CPU.ActiveCfg = Release|Any CPU
		{B1672653-1F47-4B17-A3D4-43FA67C861EF}.Release|Any CPU.Build.0 = Release|Any CPU
	EndGlobalSection
	GlobalSection(SolutionProperties) = preSolution
		HideSolutionNode = FALSE
	EndGlobalSection
	GlobalSection(ExtensibilityGlobals) = postSolution
		SolutionGuid = {DC690865-23EB-4D45-B33D-8C9B4798E7B9}
	EndGlobalSection
EndGlobal
